
Microsoft Visual Studio Solution File, Format Version 12.00
# Visual Studio 15
VisualStudioVersion = 15.0.27004.2010
MinimumVisualStudioVersion = 10.0.40219.1
Project("{FAE04EC0-301F-11D3-BF4B-00C04F79EFBC}") = "sample", "sample\sample.csproj", "{DC4CEA1B-E749-42BD-A923-62FF8EC7386D}"
EndProject
Global
	GlobalSection(SolutionConfigurationPlatforms) = preSolution
		Debug|Any CPU = Debug|Any CPU
		Release|Any CPU = Release|Any CPU
	EndGlobalSection
	GlobalSection(ProjectConfigurationPlatforms) = postSolution
		{DC4CEA1B-E749-42BD-A923-62FF8EC7386D}.Debug|Any CPU.ActiveCfg = Debug|Any CPU
		{DC4CEA1B-E749-42BD-A923-62FF8EC7386D}.Debug|Any CPU.Build.0 = Debug|Any CPU
		{DC4CEA1B-E749-42BD-A923-62FF8EC7386D}.Release|Any CPU.ActiveCfg = Release|Any CPU
		{DC4CEA1B-E749-42BD-A923-62FF8EC7386D}.Release|Any CPU.Build.0 = Release|Any CPU
	EndGlobalSection
	GlobalSection(SolutionProperties) = preSolution
		HideSolutionNode = FALSE
	EndGlobalSection
	GlobalSection(ExtensibilityGlobals) = postSolution
		SolutionGuid = {F9A8670C-FA7B-4D41-B029-8F096D7F5356}
	EndGlobalSection
EndGlobal
